
Microsoft Visual Studio Solution File, Format Version 12.00
# Visual Studio Version 17
VisualStudioVersion = 17.7.34202.233
MinimumVisualStudioVersion = 10.0.40219.1
Project("{FAE04EC0-301F-11D3-BF4B-00C04F79EFBC}") = "StringBuilder", "StringBuilder\StringBuilder.csproj", "{2D7846CE-3281-42DB-B86A-F58811536AB2}"
EndProject
Global
	GlobalSection(SolutionConfigurationPlatforms) = preSolution
		Debug|Any CPU = Debug|Any CPU
		Release|Any CPU = Release|Any CPU
	EndGlobalSection
	GlobalSection(ProjectConfigurationPlatforms) = postSolution
		{2D7846CE-3281-42DB-B86A-F58811536AB2}.Debug|Any CPU.ActiveCfg = Debug|Any CPU
		{2D7846CE-3281-42DB-B86A-F58811536AB2}.Debug|Any CPU.Build.0 = Debug|Any CPU
		{2D7846CE-3281-42DB-B86A-F58811536AB2}.Release|Any CPU.ActiveCfg = Release|Any CPU
		{2D7846CE-3281-42DB-B86A-F58811536AB2}.Release|Any CPU.Build.0 = Release|Any CPU
	EndGlobalSection
	GlobalSection(SolutionProperties) = preSolution
		HideSolutionNode = FALSE
	EndGlobalSection
	GlobalSection(ExtensibilityGlobals) = postSolution
		SolutionGuid = {D2C57F97-7116-42F2-8EDC-50A9810077EB}
	EndGlobalSection
EndGlobal
