
Microsoft Visual Studio Solution File, Format Version 12.00
# Visual Studio Version 17
VisualStudioVersion = 17.7.34202.233
MinimumVisualStudioVersion = 10.0.40219.1
Project("{FAE04EC0-301F-11D3-BF4B-00C04F79EFBC}") = "StringBuilder", "ConsoleApp1\StringBuilder.csproj", "{B053CFB0-9AB2-49E9-9F0F-39BB43B6BC3B}"
EndProject
Global
	GlobalSection(SolutionConfigurationPlatforms) = preSolution
		Debug|Any CPU = Debug|Any CPU
		Release|Any CPU = Release|Any CPU
	EndGlobalSection
	GlobalSection(ProjectConfigurationPlatforms) = postSolution
		{B053CFB0-9AB2-49E9-9F0F-39BB43B6BC3B}.Debug|Any CPU.ActiveCfg = Debug|Any CPU
		{B053CFB0-9AB2-49E9-9F0F-39BB43B6BC3B}.Debug|Any CPU.Build.0 = Debug|Any CPU
		{B053CFB0-9AB2-49E9-9F0F-39BB43B6BC3B}.Release|Any CPU.ActiveCfg = Release|Any CPU
		{B053CFB0-9AB2-49E9-9F0F-39BB43B6BC3B}.Release|Any CPU.Build.0 = Release|Any CPU
	EndGlobalSection
	GlobalSection(SolutionProperties) = preSolution
		HideSolutionNode = FALSE
	EndGlobalSection
	GlobalSection(ExtensibilityGlobals) = postSolution
		SolutionGuid = {6B762537-5CBA-4686-9E49-DFE539480367}
	EndGlobalSection
EndGlobal
